
Microsoft Visual Studio Solution File, Format Version 12.00
# Visual Studio Version 16
VisualStudioVersion = 16.0.30406.217
MinimumVisualStudioVersion = 10.0.40219.1
Project("{FAE04EC0-301F-11D3-BF4B-00C04F79EFBC}") = "fileTesting", "fileTesting\fileTesting.csproj", "{FD710B82-8B6C-4FA6-B62C-77823A54B937}"
EndProject
Global
	GlobalSection(SolutionConfigurationPlatforms) = preSolution
		Debug|Any CPU = Debug|Any CPU
		Release|Any CPU = Release|Any CPU
	EndGlobalSection
	GlobalSection(ProjectConfigurationPlatforms) = postSolution
		{FD710B82-8B6C-4FA6-B62C-77823A54B937}.Debug|Any CPU.ActiveCfg = Debug|Any CPU
		{FD710B82-8B6C-4FA6-B62C-77823A54B937}.Debug|Any CPU.Build.0 = Debug|Any CPU
		{FD710B82-8B6C-4FA6-B62C-77823A54B937}.Release|Any CPU.ActiveCfg = Release|Any CPU
		{FD710B82-8B6C-4FA6-B62C-77823A54B937}.Release|Any CPU.Build.0 = Release|Any CPU
	EndGlobalSection
	GlobalSection(SolutionProperties) = preSolution
		HideSolutionNode = FALSE
	EndGlobalSection
	GlobalSection(ExtensibilityGlobals) = postSolution
		SolutionGuid = {6E3C6B66-9CDE-4DBB-BAE5-5528C0C429CE}
	EndGlobalSection
EndGlobal
